// !$*UTF8*$!
{
	archiveVersion = 1;
	classes = {
	};
	objectVersion = 50;
	objects = {

/* Begin PBXBuildFile section */
		935D0464263C3FF2009805C8 /* AppDelegate.swift in Sources */ = {isa = PBXBuildFile; fileRef = 935D0463263C3FF2009805C8 /* AppDelegate.swift */; };
		935D0466263C3FF2009805C8 /* SceneDelegate.swift in Sources */ = {isa = PBXBuildFile; fileRef = 935D0465263C3FF2009805C8 /* SceneDelegate.swift */; };
		935D0468263C3FF2009805C8 /* HomeViewController.swift in Sources */ = {isa = PBXBuildFile; fileRef = 935D0467263C3FF2009805C8 /* HomeViewController.swift */; };
		935D046D263C3FF5009805C8 /* Assets.xcassets in Resources */ = {isa = PBXBuildFile; fileRef = 935D046C263C3FF5009805C8 /* Assets.xcassets */; };
		935D0470263C3FF5009805C8 /* LaunchScreen.storyboard in Resources */ = {isa = PBXBuildFile; fileRef = 935D046E263C3FF5009805C8 /* LaunchScreen.storyboard */; };
		935D0486263C3FF6009805C8 /* WeatherDetailsUITests.swift in Sources */ = {isa = PBXBuildFile; fileRef = 935D0485263C3FF6009805C8 /* WeatherDetailsUITests.swift */; };
		935D0499263C4C42009805C8 /* MapKit.framework in Frameworks */ = {isa = PBXBuildFile; fileRef = 935D0498263C4C41009805C8 /* MapKit.framework */; };
		935D04A1263D6D09009805C8 /* HomeViewController+MapView.swift in Sources */ = {isa = PBXBuildFile; fileRef = 935D04A0263D6D09009805C8 /* HomeViewController+MapView.swift */; };
		935D04A6263D719A009805C8 /* HomeViewController+TableView.swift in Sources */ = {isa = PBXBuildFile; fileRef = 935D04A5263D719A009805C8 /* HomeViewController+TableView.swift */; };
		935D04AB263D71E7009805C8 /* UIView+Anchor.swift in Sources */ = {isa = PBXBuildFile; fileRef = 935D04AA263D71E7009805C8 /* UIView+Anchor.swift */; };
		935D04B0263D730D009805C8 /* LocationCell.swift in Sources */ = {isa = PBXBuildFile; fileRef = 935D04AF263D730D009805C8 /* LocationCell.swift */; };
		935D04B5263D7A66009805C8 /* SaveLocationDataUtility.swift in Sources */ = {isa = PBXBuildFile; fileRef = 935D04B4263D7A66009805C8 /* SaveLocationDataUtility.swift */; };
		935D04C3263D7B75009805C8 /* LocationDetailsViewController.swift in Sources */ = {isa = PBXBuildFile; fileRef = 935D04C2263D7B75009805C8 /* LocationDetailsViewController.swift */; };
		935D04C8263D957C009805C8 /* WeatherAPIClient.swift in Sources */ = {isa = PBXBuildFile; fileRef = 935D04C7263D957C009805C8 /* WeatherAPIClient.swift */; };
		935D04CF263D95DB009805C8 /* Weather.swift in Sources */ = {isa = PBXBuildFile; fileRef = 935D04CE263D95DB009805C8 /* Weather.swift */; };
		935D04D4263DB874009805C8 /* WeatherMapViewModel.swift in Sources */ = {isa = PBXBuildFile; fileRef = 935D04D3263DB874009805C8 /* WeatherMapViewModel.swift */; };
		935D04DA263DC2BC009805C8 /* WeatherAPIClientTest.swift in Sources */ = {isa = PBXBuildFile; fileRef = 935D04D9263DC2BC009805C8 /* WeatherAPIClientTest.swift */; };
		935D04E3263DC76F009805C8 /* SaveLocationDataUtilityTest.swift in Sources */ = {isa = PBXBuildFile; fileRef = 935D04E2263DC76F009805C8 /* SaveLocationDataUtilityTest.swift */; };
		935D04EB263DCCC1009805C8 /* HelpViewController.swift in Sources */ = {isa = PBXBuildFile; fileRef = 935D04EA263DCCC1009805C8 /* HelpViewController.swift */; };
		935D0518263E74C3009805C8 /* Help.doc in Resources */ = {isa = PBXBuildFile; fileRef = 935D0511263E72D0009805C8 /* Help.doc */; };
		935D0549263E7F9A009805C8 /* HomeViewController+Navigation.swift in Sources */ = {isa = PBXBuildFile; fileRef = 935D0548263E7F9A009805C8 /* HomeViewController+Navigation.swift */; };
		935D054E263E826B009805C8 /* SettingsViewController.swift in Sources */ = {isa = PBXBuildFile; fileRef = 935D054D263E826B009805C8 /* SettingsViewController.swift */; };
		935D0557263E9872009805C8 /* WeatherMapViewModelTest.swift in Sources */ = {isa = PBXBuildFile; fileRef = 935D0556263E9872009805C8 /* WeatherMapViewModelTest.swift */; };
/* End PBXBuildFile section */

/* Begin PBXContainerItemProxy section */
		935D0477263C3FF6009805C8 /* PBXContainerItemProxy */ = {
			isa = PBXContainerItemProxy;
			containerPortal = 935D0458263C3FF2009805C8 /* Project object */;
			proxyType = 1;
			remoteGlobalIDString = 935D045F263C3FF2009805C8;
			remoteInfo = WeatherDetails;
		};
		935D0482263C3FF6009805C8 /* PBXContainerItemProxy */ = {
			isa = PBXContainerItemProxy;
			containerPortal = 935D0458263C3FF2009805C8 /* Project object */;
			proxyType = 1;
			remoteGlobalIDString = 935D045F263C3FF2009805C8;
			remoteInfo = WeatherDetails;
		};
/* End PBXContainerItemProxy section */

/* Begin PBXFileReference section */
		935D0460263C3FF2009805C8 /* WeatherDetails.app */ = {isa = PBXFileReference; explicitFileType = wrapper.application; includeInIndex = 0; path = WeatherDetails.app; sourceTree = BUILT_PRODUCTS_DIR; };
		935D0463263C3FF2009805C8 /* AppDelegate.swift */ = {isa = PBXFileReference; lastKnownFileType = sourcecode.swift; path = AppDelegate.swift; sourceTree = "<group>"; };
		935D0465263C3FF2009805C8 /* SceneDelegate.swift */ = {isa = PBXFileReference; lastKnownFileType = sourcecode.swift; path = SceneDelegate.swift; sourceTree = "<group>"; };
		935D0467263C3FF2009805C8 /* HomeViewController.swift */ = {isa = PBXFileReference; lastKnownFileType = sourcecode.swift; path = HomeViewController.swift; sourceTree = "<group>"; };
		935D046C263C3FF5009805C8 /* Assets.xcassets */ = {isa = PBXFileReference; lastKnownFileType = folder.assetcatalog; path = Assets.xcassets; sourceTree = "<group>"; };
		935D046F263C3FF5009805C8 /* Base */ = {isa = PBXFileReference; lastKnownFileType = file.storyboard; name = Base; path = Base.lproj/LaunchScreen.storyboard; sourceTree = "<group>"; };
		935D0471263C3FF5009805C8 /* Info.plist */ = {isa = PBXFileReference; lastKnownFileType = text.plist.xml; path = Info.plist; sourceTree = "<group>"; };
		935D0476263C3FF6009805C8 /* WeatherDetailsTests.xctest */ = {isa = PBXFileReference; explicitFileType = wrapper.cfbundle; includeInIndex = 0; path = WeatherDetailsTests.xctest; sourceTree = BUILT_PRODUCTS_DIR; };
		935D047C263C3FF6009805C8 /* Info.plist */ = {isa = PBXFileReference; lastKnownFileType = text.plist.xml; path = Info.plist; sourceTree = "<group>"; };
		935D0481263C3FF6009805C8 /* WeatherDetailsUITests.xctest */ = {isa = PBXFileReference; explicitFileType = wrapper.cfbundle; includeInIndex = 0; path = WeatherDetailsUITests.xctest; sourceTree = BUILT_PRODUCTS_DIR; };
		935D0485263C3FF6009805C8 /* WeatherDetailsUITests.swift */ = {isa = PBXFileReference; lastKnownFileType = sourcecode.swift; path = WeatherDetailsUITests.swift; sourceTree = "<group>"; };
		935D0487263C3FF6009805C8 /* Info.plist */ = {isa = PBXFileReference; lastKnownFileType = text.plist.xml; path = Info.plist; sourceTree = "<group>"; };
		935D0498263C4C41009805C8 /* MapKit.framework */ = {isa = PBXFileReference; lastKnownFileType = wrapper.framework; name = MapKit.framework; path = System/Library/Frameworks/MapKit.framework; sourceTree = SDKROOT; };
		935D04A0263D6D09009805C8 /* HomeViewController+MapView.swift */ = {isa = PBXFileReference; lastKnownFileType = sourcecode.swift; path = "HomeViewController+MapView.swift"; sourceTree = "<group>"; };
		935D04A5263D719A009805C8 /* HomeViewController+TableView.swift */ = {isa = PBXFileReference; lastKnownFileType = sourcecode.swift; path = "HomeViewController+TableView.swift"; sourceTree = "<group>"; };
		935D04AA263D71E7009805C8 /* UIView+Anchor.swift */ = {isa = PBXFileReference; lastKnownFileType = sourcecode.swift; path = "UIView+Anchor.swift"; sourceTree = "<group>"; };
		935D04AF263D730D009805C8 /* LocationCell.swift */ = {isa = PBXFileReference; lastKnownFileType = sourcecode.swift; path = LocationCell.swift; sourceTree = "<group>"; };
		935D04B4263D7A66009805C8 /* SaveLocationDataUtility.swift */ = {isa = PBXFileReference; lastKnownFileType = sourcecode.swift; path = SaveLocationDataUtility.swift; sourceTree = "<group>"; };
		935D04C2263D7B75009805C8 /* LocationDetailsViewController.swift */ = {isa = PBXFileReference; lastKnownFileType = sourcecode.swift; path = LocationDetailsViewController.swift; sourceTree = "<group>"; };
		935D04C7263D957C009805C8 /* WeatherAPIClient.swift */ = {isa = PBXFileReference; lastKnownFileType = sourcecode.swift; path = WeatherAPIClient.swift; sourceTree = "<group>"; };
		935D04CE263D95DB009805C8 /* Weather.swift */ = {isa = PBXFileReference; lastKnownFileType = sourcecode.swift; path = Weather.swift; sourceTree = "<group>"; };
		935D04D3263DB874009805C8 /* WeatherMapViewModel.swift */ = {isa = PBXFileReference; lastKnownFileType = sourcecode.swift; path = WeatherMapViewModel.swift; sourceTree = "<group>"; };
		935D04D9263DC2BC009805C8 /* WeatherAPIClientTest.swift */ = {isa = PBXFileReference; lastKnownFileType = sourcecode.swift; path = WeatherAPIClientTest.swift; sourceTree = "<group>"; };
		935D04E2263DC76F009805C8 /* SaveLocationDataUtilityTest.swift */ = {isa = PBXFileReference; lastKnownFileType = sourcecode.swift; path = SaveLocationDataUtilityTest.swift; sourceTree = "<group>"; };
		935D04EA263DCCC1009805C8 /* HelpViewController.swift */ = {isa = PBXFileReference; lastKnownFileType = sourcecode.swift; path = HelpViewController.swift; sourceTree = "<group>"; };
		935D0511263E72D0009805C8 /* Help.doc */ = {isa = PBXFileReference; lastKnownFileType = file; path = Help.doc; sourceTree = "<group>"; };
		935D0548263E7F9A009805C8 /* HomeViewController+Navigation.swift */ = {isa = PBXFileReference; lastKnownFileType = sourcecode.swift; path = "HomeViewController+Navigation.swift"; sourceTree = "<group>"; };
		935D054D263E826B009805C8 /* SettingsViewController.swift */ = {isa = PBXFileReference; lastKnownFileType = sourcecode.swift; path = SettingsViewController.swift; sourceTree = "<group>"; };
		935D0556263E9872009805C8 /* WeatherMapViewModelTest.swift */ = {isa = PBXFileReference; lastKnownFileType = sourcecode.swift; path = WeatherMapViewModelTest.swift; sourceTree = "<group>"; };
/* End PBXFileReference section */

/* Begin PBXFrameworksBuildPhase section */
		935D045D263C3FF2009805C8 /* Frameworks */ = {
			isa = PBXFrameworksBuildPhase;
			buildActionMask = 2147483647;
			files = (
				935D0499263C4C42009805C8 /* MapKit.framework in Frameworks */,
			);
			runOnlyForDeploymentPostprocessing = 0;
		};
		935D0473263C3FF6009805C8 /* Frameworks */ = {
			isa = PBXFrameworksBuildPhase;
			buildActionMask = 2147483647;
			files = (
			);
			runOnlyForDeploymentPostprocessing = 0;
		};
		935D047E263C3FF6009805C8 /* Frameworks */ = {
			isa = PBXFrameworksBuildPhase;
			buildActionMask = 2147483647;
			files = (
			);
			runOnlyForDeploymentPostprocessing = 0;
		};
/* End PBXFrameworksBuildPhase section */

/* Begin PBXGroup section */
		935D0457263C3FF2009805C8 = {
			isa = PBXGroup;
			children = (
				935D0462263C3FF2009805C8 /* WeatherDetails */,
				935D0479263C3FF6009805C8 /* WeatherDetailsTests */,
				935D0484263C3FF6009805C8 /* WeatherDetailsUITests */,
				935D0461263C3FF2009805C8 /* Products */,
				935D0497263C4C41009805C8 /* Frameworks */,
			);
			sourceTree = "<group>";
		};
		935D0461263C3FF2009805C8 /* Products */ = {
			isa = PBXGroup;
			children = (
				935D0460263C3FF2009805C8 /* WeatherDetails.app */,
				935D0476263C3FF6009805C8 /* WeatherDetailsTests.xctest */,
				935D0481263C3FF6009805C8 /* WeatherDetailsUITests.xctest */,
			);
			name = Products;
			sourceTree = "<group>";
		};
		935D0462263C3FF2009805C8 /* WeatherDetails */ = {
			isa = PBXGroup;
			children = (
				935D0463263C3FF2009805C8 /* AppDelegate.swift */,
				935D0465263C3FF2009805C8 /* SceneDelegate.swift */,
				935D0564263EAB78009805C8 /* Home */,
				935D0566263EABAD009805C8 /* LocationDetails */,
				935D0567263EABBE009805C8 /* Help */,
				935D0568263EABC9009805C8 /* Settings */,
				935D0569263EABD7009805C8 /* Utilitys */,
				935D04CC263D95A1009805C8 /* API */,
				935D056B263EABF4009805C8 /* Resource */,
				935D046E263C3FF5009805C8 /* LaunchScreen.storyboard */,
				935D0471263C3FF5009805C8 /* Info.plist */,
			);
			path = WeatherDetails;
			sourceTree = "<group>";
		};
		935D0479263C3FF6009805C8 /* WeatherDetailsTests */ = {
			isa = PBXGroup;
			children = (
				935D0555263E9857009805C8 /* ViewModelTest */,
				935D04E1263DC752009805C8 /* UtilityTest */,
				935D04D8263DC2A3009805C8 /* APITest */,
				935D047C263C3FF6009805C8 /* Info.plist */,
			);
			path = WeatherDetailsTests;
			sourceTree = "<group>";
		};
		935D0484263C3FF6009805C8 /* WeatherDetailsUITests */ = {
			isa = PBXGroup;
			children = (
				935D0485263C3FF6009805C8 /* WeatherDetailsUITests.swift */,
				935D0487263C3FF6009805C8 /* Info.plist */,
			);
			path = WeatherDetailsUITests;
			sourceTree = "<group>";
		};
		935D0497263C4C41009805C8 /* Frameworks */ = {
			isa = PBXGroup;
			children = (
				935D0498263C4C41009805C8 /* MapKit.framework */,
			);
			name = Frameworks;
			sourceTree = "<group>";
		};
		935D04CC263D95A1009805C8 /* API */ = {
			isa = PBXGroup;
			children = (
				935D04CD263D95B0009805C8 /* Model */,
				935D04C7263D957C009805C8 /* WeatherAPIClient.swift */,
			);
			path = API;
			sourceTree = "<group>";
		};
		935D04CD263D95B0009805C8 /* Model */ = {
			isa = PBXGroup;
			children = (
				935D04CE263D95DB009805C8 /* Weather.swift */,
				935D04D3263DB874009805C8 /* WeatherMapViewModel.swift */,
			);
			path = Model;
			sourceTree = "<group>";
		};
		935D04D8263DC2A3009805C8 /* APITest */ = {
			isa = PBXGroup;
			children = (
				935D04D9263DC2BC009805C8 /* WeatherAPIClientTest.swift */,
			);
			path = APITest;
			sourceTree = "<group>";
		};
		935D04E1263DC752009805C8 /* UtilityTest */ = {
			isa = PBXGroup;
			children = (
				935D04E2263DC76F009805C8 /* SaveLocationDataUtilityTest.swift */,
			);
			path = UtilityTest;
			sourceTree = "<group>";
		};
		935D0555263E9857009805C8 /* ViewModelTest */ = {
			isa = PBXGroup;
			children = (
				935D0556263E9872009805C8 /* WeatherMapViewModelTest.swift */,
			);
			path = ViewModelTest;
			sourceTree = "<group>";
		};
		935D0564263EAB78009805C8 /* Home */ = {
			isa = PBXGroup;
			children = (
				935D0467263C3FF2009805C8 /* HomeViewController.swift */,
				935D04A0263D6D09009805C8 /* HomeViewController+MapView.swift */,
				935D04A5263D719A009805C8 /* HomeViewController+TableView.swift */,
				935D0548263E7F9A009805C8 /* HomeViewController+Navigation.swift */,
				935D0565263EAB9E009805C8 /* Cells */,
			);
			path = Home;
			sourceTree = "<group>";
		};
		935D0565263EAB9E009805C8 /* Cells */ = {
			isa = PBXGroup;
			children = (
				935D04AF263D730D009805C8 /* LocationCell.swift */,
			);
			path = Cells;
			sourceTree = "<group>";
		};
		935D0566263EABAD009805C8 /* LocationDetails */ = {
			isa = PBXGroup;
			children = (
				935D04C2263D7B75009805C8 /* LocationDetailsViewController.swift */,
			);
			path = LocationDetails;
			sourceTree = "<group>";
		};
		935D0567263EABBE009805C8 /* Help */ = {
			isa = PBXGroup;
			children = (
				935D04EA263DCCC1009805C8 /* HelpViewController.swift */,
			);
			path = Help;
			sourceTree = "<group>";
		};
		935D0568263EABC9009805C8 /* Settings */ = {
			isa = PBXGroup;
			children = (
				935D054D263E826B009805C8 /* SettingsViewController.swift */,
			);
			path = Settings;
			sourceTree = "<group>";
		};
		935D0569263EABD7009805C8 /* Utilitys */ = {
			isa = PBXGroup;
			children = (
				935D04B4263D7A66009805C8 /* SaveLocationDataUtility.swift */,
				935D04AA263D71E7009805C8 /* UIView+Anchor.swift */,
			);
			path = Utilitys;
			sourceTree = "<group>";
		};
		935D056B263EABF4009805C8 /* Resource */ = {
			isa = PBXGroup;
			children = (
				935D046C263C3FF5009805C8 /* Assets.xcassets */,
				935D0511263E72D0009805C8 /* Help.doc */,
			);
			path = Resource;
			sourceTree = "<group>";
		};
/* End PBXGroup section */

/* Begin PBXNativeTarget section */
		935D045F263C3FF2009805C8 /* WeatherDetails */ = {
			isa = PBXNativeTarget;
			buildConfigurationList = 935D048A263C3FF6009805C8 /* Build configuration list for PBXNativeTarget "WeatherDetails" */;
			buildPhases = (
				935D045C263C3FF2009805C8 /* Sources */,
				935D045D263C3FF2009805C8 /* Frameworks */,
				935D045E263C3FF2009805C8 /* Resources */,
			);
			buildRules = (
			);
			dependencies = (
			);
			name = WeatherDetails;
			productName = WeatherDetails;
			productReference = 935D0460263C3FF2009805C8 /* WeatherDetails.app */;
			productType = "com.apple.product-type.application";
		};
		935D0475263C3FF6009805C8 /* WeatherDetailsTests */ = {
			isa = PBXNativeTarget;
			buildConfigurationList = 935D048D263C3FF6009805C8 /* Build configuration list for PBXNativeTarget "WeatherDetailsTests" */;
			buildPhases = (
				935D0472263C3FF6009805C8 /* Sources */,
				935D0473263C3FF6009805C8 /* Frameworks */,
				935D0474263C3FF6009805C8 /* Resources */,
			);
			buildRules = (
			);
			dependencies = (
				935D0478263C3FF6009805C8 /* PBXTargetDependency */,
			);
			name = WeatherDetailsTests;
			productName = WeatherDetailsTests;
			productReference = 935D0476263C3FF6009805C8 /* WeatherDetailsTests.xctest */;
			productType = "com.apple.product-type.bundle.unit-test";
		};
		935D0480263C3FF6009805C8 /* WeatherDetailsUITests */ = {
			isa = PBXNativeTarget;
			buildConfigurationList = 935D0490263C3FF6009805C8 /* Build configuration list for PBXNativeTarget "WeatherDetailsUITests" */;
			buildPhases = (
				935D047D263C3FF6009805C8 /* Sources */,
				935D047E263C3FF6009805C8 /* Frameworks */,
				935D047F263C3FF6009805C8 /* Resources */,
			);
			buildRules = (
			);
			dependencies = (
				935D0483263C3FF6009805C8 /* PBXTargetDependency */,
			);
			name = WeatherDetailsUITests;
			productName = WeatherDetailsUITests;
			productReference = 935D0481263C3FF6009805C8 /* WeatherDetailsUITests.xctest */;
			productType = "com.apple.product-type.bundle.ui-testing";
		};
/* End PBXNativeTarget section */

/* Begin PBXProject section */
		935D0458263C3FF2009805C8 /* Project object */ = {
			isa = PBXProject;
			attributes = {
				LastSwiftUpdateCheck = 1200;
				LastUpgradeCheck = 1200;
				TargetAttributes = {
					935D045F263C3FF2009805C8 = {
						CreatedOnToolsVersion = 12.0.1;
					};
					935D0475263C3FF6009805C8 = {
						CreatedOnToolsVersion = 12.0.1;
						TestTargetID = 935D045F263C3FF2009805C8;
					};
					935D0480263C3FF6009805C8 = {
						CreatedOnToolsVersion = 12.0.1;
						TestTargetID = 935D045F263C3FF2009805C8;
					};
				};
			};
			buildConfigurationList = 935D045B263C3FF2009805C8 /* Build configuration list for PBXProject "WeatherDetails" */;
			compatibilityVersion = "Xcode 9.3";
			developmentRegion = en;
			hasScannedForEncodings = 0;
			knownRegions = (
				en,
				Base,
			);
			mainGroup = 935D0457263C3FF2009805C8;
			productRefGroup = 935D0461263C3FF2009805C8 /* Products */;
			projectDirPath = "";
			projectRoot = "";
			targets = (
				935D045F263C3FF2009805C8 /* WeatherDetails */,
				935D0475263C3FF6009805C8 /* WeatherDetailsTests */,
				935D0480263C3FF6009805C8 /* WeatherDetailsUITests */,
			);
		};
/* End PBXProject section */

/* Begin PBXResourcesBuildPhase section */
		935D045E263C3FF2009805C8 /* Resources */ = {
			isa = PBXResourcesBuildPhase;
			buildActionMask = 2147483647;
			files = (
				935D0518263E74C3009805C8 /* Help.doc in Resources */,
				935D0470263C3FF5009805C8 /* LaunchScreen.storyboard in Resources */,
				935D046D263C3FF5009805C8 /* Assets.xcassets in Resources */,
			);
			runOnlyForDeploymentPostprocessing = 0;
		};
		935D0474263C3FF6009805C8 /* Resources */ = {
			isa = PBXResourcesBuildPhase;
			buildActionMask = 2147483647;
			files = (
			);
			runOnlyForDeploymentPostprocessing = 0;
		};
		935D047F263C3FF6009805C8 /* Resources */ = {
			isa = PBXResourcesBuildPhase;
			buildActionMask = 2147483647;
			files = (
			);
			runOnlyForDeploymentPostprocessing = 0;
		};
/* End PBXResourcesBuildPhase section */

/* Begin PBXSourcesBuildPhase section */
		935D045C263C3FF2009805C8 /* Sources */ = {
			isa = PBXSourcesBuildPhase;
			buildActionMask = 2147483647;
			files = (
				935D0468263C3FF2009805C8 /* HomeViewController.swift in Sources */,
				935D0464263C3FF2009805C8 /* AppDelegate.swift in Sources */,
				935D04A1263D6D09009805C8 /* HomeViewController+MapView.swift in Sources */,
				935D04EB263DCCC1009805C8 /* HelpViewController.swift in Sources */,
				935D04CF263D95DB009805C8 /* Weather.swift in Sources */,
				935D04A6263D719A009805C8 /* HomeViewController+TableView.swift in Sources */,
				935D04C8263D957C009805C8 /* WeatherAPIClient.swift in Sources */,
				935D04B0263D730D009805C8 /* LocationCell.swift in Sources */,
				935D054E263E826B009805C8 /* SettingsViewController.swift in Sources */,
				935D0466263C3FF2009805C8 /* SceneDelegate.swift in Sources */,
				935D04C3263D7B75009805C8 /* LocationDetailsViewController.swift in Sources */,
				935D04B5263D7A66009805C8 /* SaveLocationDataUtility.swift in Sources */,
				935D04D4263DB874009805C8 /* WeatherMapViewModel.swift in Sources */,
				935D04AB263D71E7009805C8 /* UIView+Anchor.swift in Sources */,
				935D0549263E7F9A009805C8 /* HomeViewController+Navigation.swift in Sources */,
			);
			runOnlyForDeploymentPostprocessing = 0;
		};
		935D0472263C3FF6009805C8 /* Sources */ = {
			isa = PBXSourcesBuildPhase;
			buildActionMask = 2147483647;
			files = (
				935D04DA263DC2BC009805C8 /* WeatherAPIClientTest.swift in Sources */,
				935D0557263E9872009805C8 /* WeatherMapViewModelTest.swift in Sources */,
				935D04E3263DC76F009805C8 /* SaveLocationDataUtilityTest.swift in Sources */,
			);
			runOnlyForDeploymentPostprocessing = 0;
		};
		935D047D263C3FF6009805C8 /* Sources */ = {
			isa = PBXSourcesBuildPhase;
			buildActionMask = 2147483647;
			files = (
				935D0486263C3FF6009805C8 /* WeatherDetailsUITests.swift in Sources */,
			);
			runOnlyForDeploymentPostprocessing = 0;
		};
/* End PBXSourcesBuildPhase section */

/* Begin PBXTargetDependency section */
		935D0478263C3FF6009805C8 /* PBXTargetDependency */ = {
			isa = PBXTargetDependency;
			target = 935D045F263C3FF2009805C8 /* WeatherDetails */;
			targetProxy = 935D0477263C3FF6009805C8 /* PBXContainerItemProxy */;
		};
		935D0483263C3FF6009805C8 /* PBXTargetDependency */ = {
			isa = PBXTargetDependency;
			target = 935D045F263C3FF2009805C8 /* WeatherDetails */;
			targetProxy = 935D0482263C3FF6009805C8 /* PBXContainerItemProxy */;
		};
/* End PBXTargetDependency section */

/* Begin PBXVariantGroup section */
		935D046E263C3FF5009805C8 /* LaunchScreen.storyboard */ = {
			isa = PBXVariantGroup;
			children = (
				935D046F263C3FF5009805C8 /* Base */,
			);
			name = LaunchScreen.storyboard;
			sourceTree = "<group>";
		};
/* End PBXVariantGroup section */

/* Begin XCBuildConfiguration section */
		935D0488263C3FF6009805C8 /* Debug */ = {
			isa = XCBuildConfiguration;
			buildSettings = {
				ALWAYS_SEARCH_USER_PATHS = NO;
				CLANG_ANALYZER_NONNULL = YES;
				CLANG_ANALYZER_NUMBER_OBJECT_CONVERSION = YES_AGGRESSIVE;
				CLANG_CXX_LANGUAGE_STANDARD = "gnu++14";
				CLANG_CXX_LIBRARY = "libc++";
				CLANG_ENABLE_MODULES = YES;
				CLANG_ENABLE_OBJC_ARC = YES;
				CLANG_ENABLE_OBJC_WEAK = YES;
				CLANG_WARN_BLOCK_CAPTURE_AUTORELEASING = YES;
				CLANG_WARN_BOOL_CONVERSION = YES;
				CLANG_WARN_COMMA = YES;
				CLANG_WARN_CONSTANT_CONVERSION = YES;
				CLANG_WARN_DEPRECATED_OBJC_IMPLEMENTATIONS = YES;
				CLANG_WARN_DIRECT_OBJC_ISA_USAGE = YES_ERROR;
				CLANG_WARN_DOCUMENTATION_COMMENTS = YES;
				CLANG_WARN_EMPTY_BODY = YES;
				CLANG_WARN_ENUM_CONVERSION = YES;
				CLANG_WARN_INFINITE_RECURSION = YES;
				CLANG_WARN_INT_CONVERSION = YES;
				CLANG_WARN_NON_LITERAL_NULL_CONVERSION = YES;
				CLANG_WARN_OBJC_IMPLICIT_RETAIN_SELF = YES;
				CLANG_WARN_OBJC_LITERAL_CONVERSION = YES;
				CLANG_WARN_OBJC_ROOT_CLASS = YES_ERROR;
				CLANG_WARN_QUOTED_INCLUDE_IN_FRAMEWORK_HEADER = YES;
				CLANG_WARN_RANGE_LOOP_ANALYSIS = YES;
				CLANG_WARN_STRICT_PROTOTYPES = YES;
				CLANG_WARN_SUSPICIOUS_MOVE = YES;
				CLANG_WARN_UNGUARDED_AVAILABILITY = YES_AGGRESSIVE;
				CLANG_WARN_UNREACHABLE_CODE = YES;
				CLANG_WARN__DUPLICATE_METHOD_MATCH = YES;
				COPY_PHASE_STRIP = NO;
				DEBUG_INFORMATION_FORMAT = dwarf;
				ENABLE_STRICT_OBJC_MSGSEND = YES;
				ENABLE_TESTABILITY = YES;
				GCC_C_LANGUAGE_STANDARD = gnu11;
				GCC_DYNAMIC_NO_PIC = NO;
				GCC_NO_COMMON_BLOCKS = YES;
				GCC_OPTIMIZATION_LEVEL = 0;
				GCC_PREPROCESSOR_DEFINITIONS = (
					"DEBUG=1",
					"$(inherited)",
				);
				GCC_WARN_64_TO_32_BIT_CONVERSION = YES;
				GCC_WARN_ABOUT_RETURN_TYPE = YES_ERROR;
				GCC_WARN_UNDECLARED_SELECTOR = YES;
				GCC_WARN_UNINITIALIZED_AUTOS = YES_AGGRESSIVE;
				GCC_WARN_UNUSED_FUNCTION = YES;
				GCC_WARN_UNUSED_VARIABLE = YES;
				IPHONEOS_DEPLOYMENT_TARGET = 14.0;
				MTL_ENABLE_DEBUG_INFO = INCLUDE_SOURCE;
				MTL_FAST_MATH = YES;
				ONLY_ACTIVE_ARCH = YES;
				SDKROOT = iphoneos;
				SWIFT_ACTIVE_COMPILATION_CONDITIONS = DEBUG;
				SWIFT_OPTIMIZATION_LEVEL = "-Onone";
			};
			name = Debug;
		};
		935D0489263C3FF6009805C8 /* Release */ = {
			isa = XCBuildConfiguration;
			buildSettings = {
				ALWAYS_SEARCH_USER_PATHS = NO;
				CLANG_ANALYZER_NONNULL = YES;
				CLANG_ANALYZER_NUMBER_OBJECT_CONVERSION = YES_AGGRESSIVE;
				CLANG_CXX_LANGUAGE_STANDARD = "gnu++14";
				CLANG_CXX_LIBRARY = "libc++";
				CLANG_ENABLE_MODULES = YES;
				CLANG_ENABLE_OBJC_ARC = YES;
				CLANG_ENABLE_OBJC_WEAK = YES;
				CLANG_WARN_BLOCK_CAPTURE_AUTORELEASING = YES;
				CLANG_WARN_BOOL_CONVERSION = YES;
				CLANG_WARN_COMMA = YES;
				CLANG_WARN_CONSTANT_CONVERSION = YES;
				CLANG_WARN_DEPRECATED_OBJC_IMPLEMENTATIONS = YES;
				CLANG_WARN_DIRECT_OBJC_ISA_USAGE = YES_ERROR;
				CLANG_WARN_DOCUMENTATION_COMMENTS = YES;
				CLANG_WARN_EMPTY_BODY = YES;
				CLANG_WARN_ENUM_CONVERSION = YES;
				CLANG_WARN_INFINITE_RECURSION = YES;
				CLANG_WARN_INT_CONVERSION = YES;
				CLANG_WARN_NON_LITERAL_NULL_CONVERSION = YES;
				CLANG_WARN_OBJC_IMPLICIT_RETAIN_SELF = YES;
				CLANG_WARN_OBJC_LITERAL_CONVERSION = YES;
				CLANG_WARN_OBJC_ROOT_CLASS = YES_ERROR;
				CLANG_WARN_QUOTED_INCLUDE_IN_FRAMEWORK_HEADER = YES;
				CLANG_WARN_RANGE_LOOP_ANALYSIS = YES;
				CLANG_WARN_STRICT_PROTOTYPES = YES;
				CLANG_WARN_SUSPICIOUS_MOVE = YES;
				CLANG_WARN_UNGUARDED_AVAILABILITY = YES_AGGRESSIVE;
				CLANG_WARN_UNREACHABLE_CODE = YES;
				CLANG_WARN__DUPLICATE_METHOD_MATCH = YES;
				COPY_PHASE_STRIP = NO;
				DEBUG_INFORMATION_FORMAT = "dwarf-with-dsym";
				ENABLE_NS_ASSERTIONS = NO;
				ENABLE_STRICT_OBJC_MSGSEND = YES;
				GCC_C_LANGUAGE_STANDARD = gnu11;
				GCC_NO_COMMON_BLOCKS = YES;
				GCC_WARN_64_TO_32_BIT_CONVERSION = YES;
				GCC_WARN_ABOUT_RETURN_TYPE = YES_ERROR;
				GCC_WARN_UNDECLARED_SELECTOR = YES;
				GCC_WARN_UNINITIALIZED_AUTOS = YES_AGGRESSIVE;
				GCC_WARN_UNUSED_FUNCTION = YES;
				GCC_WARN_UNUSED_VARIABLE = YES;
				IPHONEOS_DEPLOYMENT_TARGET = 14.0;
				MTL_ENABLE_DEBUG_INFO = NO;
				MTL_FAST_MATH = YES;
				SDKROOT = iphoneos;
				SWIFT_COMPILATION_MODE = wholemodule;
				SWIFT_OPTIMIZATION_LEVEL = "-O";
				VALIDATE_PRODUCT = YES;
			};
			name = Release;
		};
		935D048B263C3FF6009805C8 /* Debug */ = {
			isa = XCBuildConfiguration;
			buildSettings = {
				ASSETCATALOG_COMPILER_APPICON_NAME = AppIcon;
				ASSETCATALOG_COMPILER_GLOBAL_ACCENT_COLOR_NAME = AccentColor;
				CODE_SIGN_STYLE = Automatic;
				INFOPLIST_FILE = WeatherDetails/Info.plist;
				LD_RUNPATH_SEARCH_PATHS = (
					"$(inherited)",
					"@executable_path/Frameworks",
				);
				PRODUCT_BUNDLE_IDENTIFIER = Sapient.WeatherDetails;
				PRODUCT_NAME = "$(TARGET_NAME)";
				SWIFT_VERSION = 5.0;
				TARGETED_DEVICE_FAMILY = "1,2";
			};
			name = Debug;
		};
		935D048C263C3FF6009805C8 /* Release */ = {
			isa = XCBuildConfiguration;
			buildSettings = {
				ASSETCATALOG_COMPILER_APPICON_NAME = AppIcon;
				ASSETCATALOG_COMPILER_GLOBAL_ACCENT_COLOR_NAME = AccentColor;
				CODE_SIGN_STYLE = Automatic;
				INFOPLIST_FILE = WeatherDetails/Info.plist;
				LD_RUNPATH_SEARCH_PATHS = (
					"$(inherited)",
					"@executable_path/Frameworks",
				);
				PRODUCT_BUNDLE_IDENTIFIER = Sapient.WeatherDetails;
				PRODUCT_NAME = "$(TARGET_NAME)";
				SWIFT_VERSION = 5.0;
				TARGETED_DEVICE_FAMILY = "1,2";
			};
			name = Release;
		};
		935D048E263C3FF6009805C8 /* Debug */ = {
			isa = XCBuildConfiguration;
			buildSettings = {
				ALWAYS_EMBED_SWIFT_STANDARD_LIBRARIES = YES;
				BUNDLE_LOADER = "$(TEST_HOST)";
				CODE_SIGN_STYLE = Automatic;
				INFOPLIST_FILE = WeatherDetailsTests/Info.plist;
				IPHONEOS_DEPLOYMENT_TARGET = 14.0;
				LD_RUNPATH_SEARCH_PATHS = (
					"$(inherited)",
					"@executable_path/Frameworks",
					"@loader_path/Frameworks",
				);
				PRODUCT_BUNDLE_IDENTIFIER = Sapient.WeatherDetailsTests;
				PRODUCT_NAME = "$(TARGET_NAME)";
				SWIFT_VERSION = 5.0;
				TARGETED_DEVICE_FAMILY = "1,2";
				TEST_HOST = "$(BUILT_PRODUCTS_DIR)/WeatherDetails.app/WeatherDetails";
			};
			name = Debug;
		};
		935D048F263C3FF6009805C8 /* Release */ = {
			isa = XCBuildConfiguration;
			buildSettings = {
				ALWAYS_EMBED_SWIFT_STANDARD_LIBRARIES = YES;
				BUNDLE_LOADER = "$(TEST_HOST)";
				CODE_SIGN_STYLE = Automatic;
				INFOPLIST_FILE = WeatherDetailsTests/Info.plist;
				IPHONEOS_DEPLOYMENT_TARGET = 14.0;
				LD_RUNPATH_SEARCH_PATHS = (
					"$(inherited)",
					"@executable_path/Frameworks",
					"@loader_path/Frameworks",
				);
				PRODUCT_BUNDLE_IDENTIFIER = Sapient.WeatherDetailsTests;
				PRODUCT_NAME = "$(TARGET_NAME)";
				SWIFT_VERSION = 5.0;
				TARGETED_DEVICE_FAMILY = "1,2";
				TEST_HOST = "$(BUILT_PRODUCTS_DIR)/WeatherDetails.app/WeatherDetails";
			};
			name = Release;
		};
		935D0491263C3FF6009805C8 /* Debug */ = {
			isa = XCBuildConfiguration;
			buildSettings = {
				ALWAYS_EMBED_SWIFT_STANDARD_LIBRARIES = YES;
				CODE_SIGN_STYLE = Automatic;
				INFOPLIST_FILE = WeatherDetailsUITests/Info.plist;
				LD_RUNPATH_SEARCH_PATHS = (
					"$(inherited)",
					"@executable_path/Frameworks",
					"@loader_path/Frameworks",
				);
				PRODUCT_BUNDLE_IDENTIFIER = Sapient.WeatherDetailsUITests;
				PRODUCT_NAME = "$(TARGET_NAME)";
				SWIFT_VERSION = 5.0;
				TARGETED_DEVICE_FAMILY = "1,2";
				TEST_TARGET_NAME = WeatherDetails;
			};
			name = Debug;
		};
		935D0492263C3FF6009805C8 /* Release */ = {
			isa = XCBuildConfiguration;
			buildSettings = {
				ALWAYS_EMBED_SWIFT_STANDARD_LIBRARIES = YES;
				CODE_SIGN_STYLE = Automatic;
				INFOPLIST_FILE = WeatherDetailsUITests/Info.plist;
				LD_RUNPATH_SEARCH_PATHS = (
					"$(inherited)",
					"@executable_path/Frameworks",
					"@loader_path/Frameworks",
				);
				PRODUCT_BUNDLE_IDENTIFIER = Sapient.WeatherDetailsUITests;
				PRODUCT_NAME = "$(TARGET_NAME)";
				SWIFT_VERSION = 5.0;
				TARGETED_DEVICE_FAMILY = "1,2";
				TEST_TARGET_NAME = WeatherDetails;
			};
			name = Release;
		};
/* End XCBuildConfiguration section */

/* Begin XCConfigurationList section */
		935D045B263C3FF2009805C8 /* Build configuration list for PBXProject "WeatherDetails" */ = {
			isa = XCConfigurationList;
			buildConfigurations = (
				935D0488263C3FF6009805C8 /* Debug */,
				935D0489263C3FF6009805C8 /* Release */,
			);
			defaultConfigurationIsVisible = 0;
			defaultConfigurationName = Release;
		};
		935D048A263C3FF6009805C8 /* Build configuration list for PBXNativeTarget "WeatherDetails" */ = {
			isa = XCConfigurationList;
			buildConfigurations = (
				935D048B263C3FF6009805C8 /* Debug */,
				935D048C263C3FF6009805C8 /* Release */,
			);
			defaultConfigurationIsVisible = 0;
			defaultConfigurationName = Release;
		};
		935D048D263C3FF6009805C8 /* Build configuration list for PBXNativeTarget "WeatherDetailsTests" */ = {
			isa = XCConfigurationList;
			buildConfigurations = (
				935D048E263C3FF6009805C8 /* Debug */,
				935D048F263C3FF6009805C8 /* Release */,
			);
			defaultConfigurationIsVisible = 0;
			defaultConfigurationName = Release;
		};
		935D0490263C3FF6009805C8 /* Build configuration list for PBXNativeTarget "WeatherDetailsUITests" */ = {
			isa = XCConfigurationList;
			buildConfigurations = (
				935D0491263C3FF6009805C8 /* Debug */,
				935D0492263C3FF6009805C8 /* Release */,
			);
			defaultConfigurationIsVisible = 0;
			defaultConfigurationName = Release;
		};
/* End XCConfigurationList section */
	};
	rootObject = 935D0458263C3FF2009805C8 /* Project object */;
}
